
Microsoft Visual Studio Solution File, Format Version 12.00
# Visual Studio 15
VisualStudioVersion = 15.0.27130.2036
MinimumVisualStudioVersion = 10.0.40219.1
Project("{CC5FD16D-436D-48AD-A40C-5A424C6E3E79}") = "WCFHealthMonitoring", "WCFHealthMonitoring\WCFHealthMonitoring.ccproj", "{DF7BAE23-DAEF-4D0E-95F8-B313CD3526DE}"
EndProject
Project("{FAE04EC0-301F-11D3-BF4B-00C04F79EFBC}") = "JobWorker", "JobWorker\JobWorker.csproj", "{CA5EE7B1-FB6B-4C1B-8489-9FD672212E8E}"
EndProject
Project("{FAE04EC0-301F-11D3-BF4B-00C04F79EFBC}") = "WCFServer", "WCFServer\WCFServer.csproj", "{638E5A01-E6C7-4729-8978-765DB8B492F1}"
EndProject
Project("{FAE04EC0-301F-11D3-BF4B-00C04F79EFBC}") = "Contracts", "Contracts\Contracts.csproj", "{2638E74D-5C5D-4632-AD26-FAB0A8AF02F2}"
EndProject
Global
	GlobalSection(SolutionConfigurationPlatforms) = preSolution
		Debug|Any CPU = Debug|Any CPU
		Release|Any CPU = Release|Any CPU
	EndGlobalSection
	GlobalSection(ProjectConfigurationPlatforms) = postSolution
		{DF7BAE23-DAEF-4D0E-95F8-B313CD3526DE}.Debug|Any CPU.ActiveCfg = Debug|Any CPU
		{DF7BAE23-DAEF-4D0E-95F8-B313CD3526DE}.Debug|Any CPU.Build.0 = Debug|Any CPU
		{DF7BAE23-DAEF-4D0E-95F8-B313CD3526DE}.Release|Any CPU.ActiveCfg = Release|Any CPU
		{DF7BAE23-DAEF-4D0E-95F8-B313CD3526DE}.Release|Any CPU.Build.0 = Release|Any CPU
		{CA5EE7B1-FB6B-4C1B-8489-9FD672212E8E}.Debug|Any CPU.ActiveCfg = Debug|Any CPU
		{CA5EE7B1-FB6B-4C1B-8489-9FD672212E8E}.Debug|Any CPU.Build.0 = Debug|Any CPU
		{CA5EE7B1-FB6B-4C1B-8489-9FD672212E8E}.Release|Any CPU.ActiveCfg = Release|Any CPU
		{CA5EE7B1-FB6B-4C1B-8489-9FD672212E8E}.Release|Any CPU.Build.0 = Release|Any CPU
		{638E5A01-E6C7-4729-8978-765DB8B492F1}.Debug|Any CPU.ActiveCfg = Debug|Any CPU
		{638E5A01-E6C7-4729-8978-765DB8B492F1}.Debug|Any CPU.Build.0 = Debug|Any CPU
		{638E5A01-E6C7-4729-8978-765DB8B492F1}.Release|Any CPU.ActiveCfg = Release|Any CPU
		{638E5A01-E6C7-4729-8978-765DB8B492F1}.Release|Any CPU.Build.0 = Release|Any CPU
		{2638E74D-5C5D-4632-AD26-FAB0A8AF02F2}.Debug|Any CPU.ActiveCfg = Debug|Any CPU
		{2638E74D-5C5D-4632-AD26-FAB0A8AF02F2}.Debug|Any CPU.Build.0 = Debug|Any CPU
		{2638E74D-5C5D-4632-AD26-FAB0A8AF02F2}.Release|Any CPU.ActiveCfg = Release|Any CPU
		{2638E74D-5C5D-4632-AD26-FAB0A8AF02F2}.Release|Any CPU.Build.0 = Release|Any CPU
	EndGlobalSection
	GlobalSection(SolutionProperties) = preSolution
		HideSolutionNode = FALSE
	EndGlobalSection
	GlobalSection(ExtensibilityGlobals) = postSolution
		SolutionGuid = {BC4EA3DE-F187-4D95-AA20-1E1510A933E2}
	EndGlobalSection
EndGlobal
