
Microsoft Visual Studio Solution File, Format Version 12.00
# Visual Studio 15
VisualStudioVersion = 15.0.27130.2036
MinimumVisualStudioVersion = 10.0.40219.1
Project("{CC5FD16D-436D-48AD-A40C-5A424C6E3E79}") = "StudentsService", "StudentsService\StudentsService.ccproj", "{B173D781-97AE-4205-8CB6-2465311F8430}"
EndProject
Project("{FAE04EC0-301F-11D3-BF4B-00C04F79EFBC}") = "JobWorker", "JobWorker\JobWorker.csproj", "{4B53CF7D-DD46-4630-99D7-E590A2E3B652}"
EndProject
Project("{FAE04EC0-301F-11D3-BF4B-00C04F79EFBC}") = "Contracts", "Contracts\Contracts.csproj", "{EC6E178C-9117-459C-83B9-B449A2C92C14}"
EndProject
Global
	GlobalSection(SolutionConfigurationPlatforms) = preSolution
		Debug|Any CPU = Debug|Any CPU
		Release|Any CPU = Release|Any CPU
	EndGlobalSection
	GlobalSection(ProjectConfigurationPlatforms) = postSolution
		{B173D781-97AE-4205-8CB6-2465311F8430}.Debug|Any CPU.ActiveCfg = Debug|Any CPU
		{B173D781-97AE-4205-8CB6-2465311F8430}.Debug|Any CPU.Build.0 = Debug|Any CPU
		{B173D781-97AE-4205-8CB6-2465311F8430}.Release|Any CPU.ActiveCfg = Release|Any CPU
		{B173D781-97AE-4205-8CB6-2465311F8430}.Release|Any CPU.Build.0 = Release|Any CPU
		{4B53CF7D-DD46-4630-99D7-E590A2E3B652}.Debug|Any CPU.ActiveCfg = Debug|Any CPU
		{4B53CF7D-DD46-4630-99D7-E590A2E3B652}.Debug|Any CPU.Build.0 = Debug|Any CPU
		{4B53CF7D-DD46-4630-99D7-E590A2E3B652}.Release|Any CPU.ActiveCfg = Release|Any CPU
		{4B53CF7D-DD46-4630-99D7-E590A2E3B652}.Release|Any CPU.Build.0 = Release|Any CPU
		{EC6E178C-9117-459C-83B9-B449A2C92C14}.Debug|Any CPU.ActiveCfg = Debug|Any CPU
		{EC6E178C-9117-459C-83B9-B449A2C92C14}.Debug|Any CPU.Build.0 = Debug|Any CPU
		{EC6E178C-9117-459C-83B9-B449A2C92C14}.Release|Any CPU.ActiveCfg = Release|Any CPU
		{EC6E178C-9117-459C-83B9-B449A2C92C14}.Release|Any CPU.Build.0 = Release|Any CPU
	EndGlobalSection
	GlobalSection(SolutionProperties) = preSolution
		HideSolutionNode = FALSE
	EndGlobalSection
	GlobalSection(ExtensibilityGlobals) = postSolution
		SolutionGuid = {A584FF61-026B-4728-AD3C-202A70E66654}
	EndGlobalSection
EndGlobal
